
Microsoft Visual Studio Solution File, Format Version 12.00
# Visual Studio Version 16
VisualStudioVersion = 16.0.30717.126
MinimumVisualStudioVersion = 10.0.40219.1
Project("{FAE04EC0-301F-11D3-BF4B-00C04F79EFBC}") = "maxApi", "maxApi\maxApi.csproj", "{22997D5D-27D8-40D1-ABC0-2592CBEB3A62}"
EndProject
Global
	GlobalSection(SolutionConfigurationPlatforms) = preSolution
		Debug|Any CPU = Debug|Any CPU
		Release|Any CPU = Release|Any CPU
	EndGlobalSection
	GlobalSection(ProjectConfigurationPlatforms) = postSolution
		{22997D5D-27D8-40D1-ABC0-2592CBEB3A62}.Debug|Any CPU.ActiveCfg = Debug|Any CPU
		{22997D5D-27D8-40D1-ABC0-2592CBEB3A62}.Debug|Any CPU.Build.0 = Debug|Any CPU
		{22997D5D-27D8-40D1-ABC0-2592CBEB3A62}.Release|Any CPU.ActiveCfg = Release|Any CPU
		{22997D5D-27D8-40D1-ABC0-2592CBEB3A62}.Release|Any CPU.Build.0 = Release|Any CPU
	EndGlobalSection
	GlobalSection(SolutionProperties) = preSolution
		HideSolutionNode = FALSE
	EndGlobalSection
	GlobalSection(ExtensibilityGlobals) = postSolution
		SolutionGuid = {74A94B2A-F565-49DF-8355-E62ED76B5C14}
	EndGlobalSection
EndGlobal
